
Microsoft Visual Studio Solution File, Format Version 12.00
# Visual Studio Version 17
VisualStudioVersion = 17.9.34902.65
MinimumVisualStudioVersion = 10.0.40219.1
Project("{FAE04EC0-301F-11D3-BF4B-00C04F79EFBC}") = "AddressStandartization", "AddressStandartization.csproj", "{C48E66DD-8B31-4695-B31D-1A1CD2010355}"
EndProject
Global
	GlobalSection(SolutionConfigurationPlatforms) = preSolution
		Debug|Any CPU = Debug|Any CPU
		Release|Any CPU = Release|Any CPU
	EndGlobalSection
	GlobalSection(ProjectConfigurationPlatforms) = postSolution
		{C48E66DD-8B31-4695-B31D-1A1CD2010355}.Debug|Any CPU.ActiveCfg = Debug|Any CPU
		{C48E66DD-8B31-4695-B31D-1A1CD2010355}.Debug|Any CPU.Build.0 = Debug|Any CPU
		{C48E66DD-8B31-4695-B31D-1A1CD2010355}.Release|Any CPU.ActiveCfg = Release|Any CPU
		{C48E66DD-8B31-4695-B31D-1A1CD2010355}.Release|Any CPU.Build.0 = Release|Any CPU
	EndGlobalSection
	GlobalSection(SolutionProperties) = preSolution
		HideSolutionNode = FALSE
	EndGlobalSection
	GlobalSection(ExtensibilityGlobals) = postSolution
		SolutionGuid = {D10459F5-CB55-4CA6-B7F4-40AB18232418}
	EndGlobalSection
EndGlobal
